Microsoft Visual Studio Solution File, Format Version 12.00
# Visual Studio Version 17
VisualStudioVersion = 17.5.2.0
MinimumVisualStudioVersion = 10.0.40219.1
Project("{FAE04EC0-301F-11D3-BF4B-00C04F79EFBC}") = "GenshinLyrePlayer", "GenshinLyrePlayer.csproj", "{87345F40-8DD6-956D-1619-E25096E8761C}"
EndProject
Global
	GlobalSection(SolutionConfigurationPlatforms) = preSolution
		Debug|Any CPU = Debug|Any CPU
		Release|Any CPU = Release|Any CPU
	EndGlobalSection
	GlobalSection(ProjectConfigurationPlatforms) = postSolution
		{87345F40-8DD6-956D-1619-E25096E8761C}.Debug|Any CPU.ActiveCfg = Debug|Any CPU
		{87345F40-8DD6-956D-1619-E25096E8761C}.Debug|Any CPU.Build.0 = Debug|Any CPU
		{87345F40-8DD6-956D-1619-E25096E8761C}.Release|Any CPU.ActiveCfg = Release|Any CPU
		{87345F40-8DD6-956D-1619-E25096E8761C}.Release|Any CPU.Build.0 = Release|Any CPU
	EndGlobalSection
	GlobalSection(SolutionProperties) = preSolution
		HideSolutionNode = FALSE
	EndGlobalSection
	GlobalSection(ExtensibilityGlobals) = postSolution
		SolutionGuid = {207F507B-5B04-4937-976C-8CC5968ACED7}
	EndGlobalSection
EndGlobal
